apiVersion: vendir.k14s.io/v1alpha1
directories:
- contents:
  - git:
      commitTitle: 'docs: feature caveman-code with a callout card after Before/After...'
      sha: 655b7d9c5431f822264b7732e9901c5578ac84cf
      tags:
      - v1.8.2-3-g655b7d9
    path: juliusbrussee/caveman
  - git:
      commitTitle: Add NOTES.md for recording user preferences and teaching notes
      sha: be55a7970319ede7965edbb02b5e41cba1ca82c9
    path: mattpocock/skills
  - git:
      commitTitle: 'fix(core): BM25 tokenizer Unicode support — preserve CJK/non-Latin
        characters, add custom tokenizer hook (#17640)...'
      sha: 014e00f2b3a597a016b72f9901c6ab27d491f822
      tags:
      - '@mastra/acp@0.2.1-64-g014e00f2b3'
    path: mastra-ai/mastra
  path: .agents/skills/vendor
kind: LockConfig
